
Microsoft Visual Studio Solution File, Format Version 10.00
# Visual Studio 2008
Project("{E24C65DC-7377-472B-9ABA-BC803B73C61A}") = "Futures", "..\..\..\..\Presentations\Silverlight\Demos\Futures\", "{BAB36598-86D8-41FB-8CAA-91504368D829}"
	ProjectSection(WebsiteProperties) = preProject
		TargetFramework = "3.5"
		Debug.AspNetCompiler.VirtualPath = "/Futures"
		Debug.AspNetCompiler.PhysicalPath = "..\..\..\..\Presentations\Silverlight\Demos\Futures\"
		Debug.AspNetCompiler.TargetPath = "PrecompiledWeb\Futures\"
		Debug.AspNetCompiler.Updateable = "true"
		Debug.AspNetCompiler.ForceOverwrite = "true"
		Debug.AspNetCompiler.FixedNames = "false"
		Debug.AspNetCompiler.Debug = "True"
		Release.AspNetCompiler.VirtualPath = "/Futures"
		Release.AspNetCompiler.PhysicalPath = "..\..\..\..\Presentations\Silverlight\Demos\Futures\"
		Release.AspNetCompiler.TargetPath = "PrecompiledWeb\Futures\"
		Release.AspNetCompiler.Updateable = "true"
		Release.AspNetCompiler.ForceOverwrite = "true"
		Release.AspNetCompiler.FixedNames = "false"
		Release.AspNetCompiler.Debug = "False"
		VWDPort = "62277"
		DefaultWebSiteLanguage = "Visual C#"
	EndProjectSection
EndProject
Global
	GlobalSection(SolutionConfigurationPlatforms) = preSolution
		Debug|.NET = Debug|.NET
	EndGlobalSection
	GlobalSection(ProjectConfigurationPlatforms) = postSolution
		{BAB36598-86D8-41FB-8CAA-91504368D829}.Debug|.NET.ActiveCfg = Debug|.NET
		{BAB36598-86D8-41FB-8CAA-91504368D829}.Debug|.NET.Build.0 = Debug|.NET
	EndGlobalSection
	GlobalSection(SolutionProperties) = preSolution
		HideSolutionNode = FALSE
	EndGlobalSection
EndGlobal
