
Microsoft Visual Studio Solution File, Format Version 9.00
# Visual Studio 2005
Project("{FAE04EC0-301F-11D3-BF4B-00C04F79EFBC}") = "SecuredComponent", "SecuredComponent\SecuredComponent.csproj", "{2A52EE64-4B47-4DB1-BFF4-CD854E3242DC}"
EndProject
Project("{FAE04EC0-301F-11D3-BF4B-00C04F79EFBC}") = "SecurityClient", "SecurityClient\SecurityClient.csproj", "{4BCC9162-4294-4E0E-8CA6-A1249D4E06C0}"
EndProject
Global
	GlobalSection(SolutionConfigurationPlatforms) = preSolution
		Debug|Any CPU = Debug|Any CPU
		Release|Any CPU = Release|Any CPU
	EndGlobalSection
	GlobalSection(ProjectConfigurationPlatforms) = postSolution
		{2A52EE64-4B47-4DB1-BFF4-CD854E3242DC}.Debug|Any CPU.ActiveCfg = Debug|Any CPU
		{2A52EE64-4B47-4DB1-BFF4-CD854E3242DC}.Debug|Any CPU.Build.0 = Debug|Any CPU
		{2A52EE64-4B47-4DB1-BFF4-CD854E3242DC}.Release|Any CPU.ActiveCfg = Release|Any CPU
		{2A52EE64-4B47-4DB1-BFF4-CD854E3242DC}.Release|Any CPU.Build.0 = Release|Any CPU
		{4BCC9162-4294-4E0E-8CA6-A1249D4E06C0}.Debug|Any CPU.ActiveCfg = Debug|Any CPU
		{4BCC9162-4294-4E0E-8CA6-A1249D4E06C0}.Debug|Any CPU.Build.0 = Debug|Any CPU
		{4BCC9162-4294-4E0E-8CA6-A1249D4E06C0}.Release|Any CPU.ActiveCfg = Release|Any CPU
		{4BCC9162-4294-4E0E-8CA6-A1249D4E06C0}.Release|Any CPU.Build.0 = Release|Any CPU
	EndGlobalSection
	GlobalSection(SolutionProperties) = preSolution
		HideSolutionNode = FALSE
	EndGlobalSection
EndGlobal
